
Microsoft Visual Studio Solution File, Format Version 12.00
# Visual Studio 15
VisualStudioVersion = 15.0.26403.7
MinimumVisualStudioVersion = 10.0.40219.1
Project("{8BC9CEB8-8B4A-11D0-8D11-00A0C91BC942}") = "MiniCA_SM2_Hardware", "Mini_SM2_CA\Mini_SM2_CA.vcxproj", "{0C027A6D-9666-444E-A740-798D3C034851}"
EndProject
Global
	GlobalSection(SolutionConfigurationPlatforms) = preSolution
		Debug|Win32 = Debug|Win32
		Release|Win32 = Release|Win32
	EndGlobalSection
	GlobalSection(ProjectConfigurationPlatforms) = postSolution
		{0C027A6D-9666-444E-A740-798D3C034851}.Debug|Win32.ActiveCfg = Debug|Win32
		{0C027A6D-9666-444E-A740-798D3C034851}.Debug|Win32.Build.0 = Debug|Win32
		{0C027A6D-9666-444E-A740-798D3C034851}.Release|Win32.ActiveCfg = Release|Win32
		{0C027A6D-9666-444E-A740-798D3C034851}.Release|Win32.Build.0 = Release|Win32
	EndGlobalSection
	GlobalSection(SolutionProperties) = preSolution
		HideSolutionNode = FALSE
	EndGlobalSection
EndGlobal
